
Microsoft Visual Studio Solution File, Format Version 12.00
# Visual Studio Version 16
VisualStudioVersion = 16.0.29728.190
MinimumVisualStudioVersion = 10.0.40219.1
Project("{FAE04EC0-301F-11D3-BF4B-00C04F79EFBC}") = "RadioStation", "RadioStation\RadioStation.csproj", "{06679804-0F7C-43E7-B354-705A9B3554EC}"
EndProject
Global
	GlobalSection(SolutionConfigurationPlatforms) = preSolution
		Debug|Any CPU = Debug|Any CPU
		Release|Any CPU = Release|Any CPU
	EndGlobalSection
	GlobalSection(ProjectConfigurationPlatforms) = postSolution
		{06679804-0F7C-43E7-B354-705A9B3554EC}.Debug|Any CPU.ActiveCfg = Debug|Any CPU
		{06679804-0F7C-43E7-B354-705A9B3554EC}.Debug|Any CPU.Build.0 = Debug|Any CPU
		{06679804-0F7C-43E7-B354-705A9B3554EC}.Release|Any CPU.ActiveCfg = Release|Any CPU
		{06679804-0F7C-43E7-B354-705A9B3554EC}.Release|Any CPU.Build.0 = Release|Any CPU
	EndGlobalSection
	GlobalSection(SolutionProperties) = preSolution
		HideSolutionNode = FALSE
	EndGlobalSection
	GlobalSection(ExtensibilityGlobals) = postSolution
		SolutionGuid = {0D1858AE-6177-4F37-8020-D1F8014571C4}
	EndGlobalSection
EndGlobal
